
Microsoft Visual Studio Solution File, Format Version 12.00
# Visual Studio 15
Project("{FAE04EC0-301F-11D3-BF4B-00C04F79EFBC}") = "Assembly-CSharp", "Assembly-CSharp.csproj", "{02AD4AC9-CA1A-B28C-B5A2-3713598BE044}"
EndProject
Global
	GlobalSection(SolutionConfigurationPlatforms) = preSolution
		Debug|Any CPU = Debug|Any CPU
		Release|Any CPU = Release|Any CPU
	EndGlobalSection
	GlobalSection(ProjectConfigurationPlatforms) = postSolution
		{02AD4AC9-CA1A-B28C-B5A2-3713598BE044}.Debug|Any CPU.ActiveCfg = Debug|Any CPU
		{02AD4AC9-CA1A-B28C-B5A2-3713598BE044}.Debug|Any CPU.Build.0 = Debug|Any CPU
		{02AD4AC9-CA1A-B28C-B5A2-3713598BE044}.Release|Any CPU.ActiveCfg = Release|Any CPU
		{02AD4AC9-CA1A-B28C-B5A2-3713598BE044}.Release|Any CPU.Build.0 = Release|Any CPU
	EndGlobalSection
	GlobalSection(SolutionProperties) = preSolution
		HideSolutionNode = FALSE
	EndGlobalSection
EndGlobal
